// !$*UTF8*$!
{
	archiveVersion = 1;
	classes = {
	};
	objectVersion = 46;
	objects = {

/* Begin PBXBuildFile section */
		A9AF391D1F0FB864009D47E7 /* main.m in Sources */ = {isa = PBXBuildFile; fileRef = A9AF391C1F0FB864009D47E7 /* main.m */; };
		A9AF39201F0FB864009D47E7 /* AppDelegate.m in Sources */ = {isa = PBXBuildFile; fileRef = A9AF391F1F0FB864009D47E7 /* AppDelegate.m */; };
		A9AF39231F0FB864009D47E7 /* ViewController.m in Sources */ = {isa = PBXBuildFile; fileRef = A9AF39221F0FB864009D47E7 /* ViewController.m */; };
		A9AF39261F0FB864009D47E7 /* Main.storyboard in Resources */ = {isa = PBXBuildFile; fileRef = A9AF39241F0FB864009D47E7 /* Main.storyboard */; };
		A9AF39281F0FB864009D47E7 /* Assets.xcassets in Resources */ = {isa = PBXBuildFile; fileRef = A9AF39271F0FB864009D47E7 /* Assets.xcassets */; };
		A9AF392B1F0FB864009D47E7 /* LaunchScreen.storyboard in Resources */ = {isa = PBXBuildFile; fileRef = A9AF39291F0FB864009D47E7 /* LaunchScreen.storyboard */; };
		A9AF39461F0FB888009D47E7 /* LZPickViewManager.m in Sources */ = {isa = PBXBuildFile; fileRef = A9AF39341F0FB888009D47E7 /* LZPickViewManager.m */; };
		A9AF39471F0FB888009D47E7 /* LZPickTopView.m in Sources */ = {isa = PBXBuildFile; fileRef = A9AF39361F0FB888009D47E7 /* LZPickTopView.m */; };
		A9AF39481F0FB888009D47E7 /* LZAddressPickerView.m in Sources */ = {isa = PBXBuildFile; fileRef = A9AF39381F0FB888009D47E7 /* LZAddressPickerView.m */; };
		A9AF39491F0FB888009D47E7 /* LZTimePickerView.m in Sources */ = {isa = PBXBuildFile; fileRef = A9AF393A1F0FB888009D47E7 /* LZTimePickerView.m */; };
		A9AF394A1F0FB888009D47E7 /* LZMultiplePickerView.m in Sources */ = {isa = PBXBuildFile; fileRef = A9AF393C1F0FB888009D47E7 /* LZMultiplePickerView.m */; };
		A9AF394B1F0FB888009D47E7 /* LZCustomLimitDatePicker.m in Sources */ = {isa = PBXBuildFile; fileRef = A9AF393E1F0FB888009D47E7 /* LZCustomLimitDatePicker.m */; };
		A9AF394C1F0FB888009D47E7 /* PickerView.gif in Resources */ = {isa = PBXBuildFile; fileRef = A9AF39401F0FB888009D47E7 /* PickerView.gif */; };
		A9AF394D1F0FB888009D47E7 /* UIDatePicker.gif in Resources */ = {isa = PBXBuildFile; fileRef = A9AF39411F0FB888009D47E7 /* UIDatePicker.gif */; };
		A9AF394E1F0FB888009D47E7 /* goldeneyeAddress.plist in Resources */ = {isa = PBXBuildFile; fileRef = A9AF39421F0FB888009D47E7 /* goldeneyeAddress.plist */; };
		A9AF394F1F0FB888009D47E7 /* iPhone.plist in Resources */ = {isa = PBXBuildFile; fileRef = A9AF39431F0FB888009D47E7 /* iPhone.plist */; };
		A9AF39501F0FB888009D47E7 /* Cars.plist in Resources */ = {isa = PBXBuildFile; fileRef = A9AF39441F0FB888009D47E7 /* Cars.plist */; };
		A9AF39581F0FB8B3009D47E7 /* PickViewVC.m in Sources */ = {isa = PBXBuildFile; fileRef = A9AF39531F0FB8B3009D47E7 /* PickViewVC.m */; };
		A9AF39591F0FB8B3009D47E7 /* ChoseDatePickViewController.m in Sources */ = {isa = PBXBuildFile; fileRef = A9AF39551F0FB8B3009D47E7 /* ChoseDatePickViewController.m */; };
		A9AF395A1F0FB8B3009D47E7 /* PickTestViewController.m in Sources */ = {isa = PBXBuildFile; fileRef = A9AF39571F0FB8B3009D47E7 /* PickTestViewController.m */; };
/* End PBXBuildFile section */

/* Begin PBXFileReference section */
		A9AF39181F0FB864009D47E7 /* LZPickerDemo.app */ = {isa = PBXFileReference; explicitFileType = wrapper.application; includeInIndex = 0; path = LZPickerDemo.app; sourceTree = BUILT_PRODUCTS_DIR; };
		A9AF391C1F0FB864009D47E7 /* main.m */ = {isa = PBXFileReference; lastKnownFileType = sourcecode.c.objc; path = main.m; sourceTree = "<group>"; };
		A9AF391E1F0FB864009D47E7 /* AppDelegate.h */ = {isa = PBXFileReference; lastKnownFileType = sourcecode.c.h; path = AppDelegate.h; sourceTree = "<group>"; };
		A9AF391F1F0FB864009D47E7 /* AppDelegate.m */ = {isa = PBXFileReference; lastKnownFileType = sourcecode.c.objc; path = AppDelegate.m; sourceTree = "<group>"; };
		A9AF39211F0FB864009D47E7 /* ViewController.h */ = {isa = PBXFileReference; lastKnownFileType = sourcecode.c.h; path = ViewController.h; sourceTree = "<group>"; };
		A9AF39221F0FB864009D47E7 /* ViewController.m */ = {isa = PBXFileReference; lastKnownFileType = sourcecode.c.objc; path = ViewController.m; sourceTree = "<group>"; };
		A9AF39251F0FB864009D47E7 /* Base */ = {isa = PBXFileReference; lastKnownFileType = file.storyboard; name = Base; path = Base.lproj/Main.storyboard; sourceTree = "<group>"; };
		A9AF39271F0FB864009D47E7 /* Assets.xcassets */ = {isa = PBXFileReference; lastKnownFileType = folder.assetcatalog; path = Assets.xcassets; sourceTree = "<group>"; };
		A9AF392A1F0FB864009D47E7 /* Base */ = {isa = PBXFileReference; lastKnownFileType = file.storyboard; name = Base; path = Base.lproj/LaunchScreen.storyboard; sourceTree = "<group>"; };
		A9AF392C1F0FB864009D47E7 /* Info.plist */ = {isa = PBXFileReference; lastKnownFileType = text.plist.xml; path = Info.plist; sourceTree = "<group>"; };
		A9AF39321F0FB888009D47E7 /* LZPickViewDefine.h */ = {isa = PBXFileReference; fileEncoding = 4; lastKnownFileType = sourcecode.c.h; path = LZPickViewDefine.h; sourceTree = "<group>"; };
		A9AF39331F0FB888009D47E7 /* LZPickViewManager.h */ = {isa = PBXFileReference; fileEncoding = 4; lastKnownFileType = sourcecode.c.h; path = LZPickViewManager.h; sourceTree = "<group>"; };
		A9AF39341F0FB888009D47E7 /* LZPickViewManager.m */ = {isa = PBXFileReference; fileEncoding = 4; lastKnownFileType = sourcecode.c.objc; path = LZPickViewManager.m; sourceTree = "<group>"; };
		A9AF39351F0FB888009D47E7 /* LZPickTopView.h */ = {isa = PBXFileReference; fileEncoding = 4; lastKnownFileType = sourcecode.c.h; path = LZPickTopView.h; sourceTree = "<group>"; };
		A9AF39361F0FB888009D47E7 /* LZPickTopView.m */ = {isa = PBXFileReference; fileEncoding = 4; lastKnownFileType = sourcecode.c.objc; path = LZPickTopView.m; sourceTree = "<group>"; };
		A9AF39371F0FB888009D47E7 /* LZAddressPickerView.h */ = {isa = PBXFileReference; fileEncoding = 4; lastKnownFileType = sourcecode.c.h; path = LZAddressPickerView.h; sourceTree = "<group>"; };
		A9AF39381F0FB888009D47E7 /* LZAddressPickerView.m */ = {isa = PBXFileReference; fileEncoding = 4; lastKnownFileType = sourcecode.c.objc; path = LZAddressPickerView.m; sourceTree = "<group>"; };
		A9AF39391F0FB888009D47E7 /* LZTimePickerView.h */ = {isa = PBXFileReference; fileEncoding = 4; lastKnownFileType = sourcecode.c.h; path = LZTimePickerView.h; sourceTree = "<group>"; };
		A9AF393A1F0FB888009D47E7 /* LZTimePickerView.m */ = {isa = PBXFileReference; fileEncoding = 4; lastKnownFileType = sourcecode.c.objc; path = LZTimePickerView.m; sourceTree = "<group>"; };
		A9AF393B1F0FB888009D47E7 /* LZMultiplePickerView.h */ = {isa = PBXFileReference; fileEncoding = 4; lastKnownFileType = sourcecode.c.h; path = LZMultiplePickerView.h; sourceTree = "<group>"; };
		A9AF393C1F0FB888009D47E7 /* LZMultiplePickerView.m */ = {isa = PBXFileReference; fileEncoding = 4; lastKnownFileType = sourcecode.c.objc; path = LZMultiplePickerView.m; sourceTree = "<group>"; };
		A9AF393D1F0FB888009D47E7 /* LZCustomLimitDatePicker.h */ = {isa = PBXFileReference; fileEncoding = 4; lastKnownFileType = sourcecode.c.h; path = LZCustomLimitDatePicker.h; sourceTree = "<group>"; };
		A9AF393E1F0FB888009D47E7 /* LZCustomLimitDatePicker.m */ = {isa = PBXFileReference; fileEncoding = 4; lastKnownFileType = sourcecode.c.objc; path = LZCustomLimitDatePicker.m; sourceTree = "<group>"; };
		A9AF39401F0FB888009D47E7 /* PickerView.gif */ = {isa = PBXFileReference; lastKnownFileType = image.gif; path = PickerView.gif; sourceTree = "<group>"; };
		A9AF39411F0FB888009D47E7 /* UIDatePicker.gif */ = {isa = PBXFileReference; lastKnownFileType = image.gif; path = UIDatePicker.gif; sourceTree = "<group>"; };
		A9AF39421F0FB888009D47E7 /* goldeneyeAddress.plist */ = {isa = PBXFileReference; fileEncoding = 4; lastKnownFileType = text.plist.xml; path = goldeneyeAddress.plist; sourceTree = "<group>"; };
		A9AF39431F0FB888009D47E7 /* iPhone.plist */ = {isa = PBXFileReference; fileEncoding = 4; lastKnownFileType = text.plist.xml; path = iPhone.plist; sourceTree = "<group>"; };
		A9AF39441F0FB888009D47E7 /* Cars.plist */ = {isa = PBXFileReference; fileEncoding = 4; lastKnownFileType = text.plist.xml; path = Cars.plist; sourceTree = "<group>"; };
		A9AF39521F0FB8B3009D47E7 /* PickViewVC.h */ = {isa = PBXFileReference; fileEncoding = 4; lastKnownFileType = sourcecode.c.h; path = PickViewVC.h; sourceTree = "<group>"; };
		A9AF39531F0FB8B3009D47E7 /* PickViewVC.m */ = {isa = PBXFileReference; fileEncoding = 4; lastKnownFileType = sourcecode.c.objc; path = PickViewVC.m; sourceTree = "<group>"; };
		A9AF39541F0FB8B3009D47E7 /* ChoseDatePickViewController.h */ = {isa = PBXFileReference; fileEncoding = 4; lastKnownFileType = sourcecode.c.h; path = ChoseDatePickViewController.h; sourceTree = "<group>"; };
		A9AF39551F0FB8B3009D47E7 /* ChoseDatePickViewController.m */ = {isa = PBXFileReference; fileEncoding = 4; lastKnownFileType = sourcecode.c.objc; path = ChoseDatePickViewController.m; sourceTree = "<group>"; };
		A9AF39561F0FB8B3009D47E7 /* PickTestViewController.h */ = {isa = PBXFileReference; fileEncoding = 4; lastKnownFileType = sourcecode.c.h; path = PickTestViewController.h; sourceTree = "<group>"; };
		A9AF39571F0FB8B3009D47E7 /* PickTestViewController.m */ = {isa = PBXFileReference; fileEncoding = 4; lastKnownFileType = sourcecode.c.objc; path = PickTestViewController.m; sourceTree = "<group>"; };
/* End PBXFileReference section */

/* Begin PBXFrameworksBuildPhase section */
		A9AF39151F0FB864009D47E7 /* Frameworks */ = {
			isa = PBXFrameworksBuildPhase;
			buildActionMask = 2147483647;
			files = (
			);
			runOnlyForDeploymentPostprocessing = 0;
		};
/* End PBXFrameworksBuildPhase section */

/* Begin PBXGroup section */
		A9AF390F1F0FB864009D47E7 = {
			isa = PBXGroup;
			children = (
				A9AF391A1F0FB864009D47E7 /* LZPickerDemo */,
				A9AF39191F0FB864009D47E7 /* Products */,
			);
			sourceTree = "<group>";
		};
		A9AF39191F0FB864009D47E7 /* Products */ = {
			isa = PBXGroup;
			children = (
				A9AF39181F0FB864009D47E7 /* LZPickerDemo.app */,
			);
			name = Products;
			sourceTree = "<group>";
		};
		A9AF391A1F0FB864009D47E7 /* LZPickerDemo */ = {
			isa = PBXGroup;
			children = (
				A9AF39511F0FB8A9009D47E7 /* UseClass */,
				A9AF393F1F0FB888009D47E7 /* LZPickView */,
				A9AF39451F0FB888009D47E7 /* Resources */,
				A9AF391E1F0FB864009D47E7 /* AppDelegate.h */,
				A9AF391F1F0FB864009D47E7 /* AppDelegate.m */,
				A9AF39211F0FB864009D47E7 /* ViewController.h */,
				A9AF39221F0FB864009D47E7 /* ViewController.m */,
				A9AF39241F0FB864009D47E7 /* Main.storyboard */,
				A9AF39271F0FB864009D47E7 /* Assets.xcassets */,
				A9AF39291F0FB864009D47E7 /* LaunchScreen.storyboard */,
				A9AF392C1F0FB864009D47E7 /* Info.plist */,
				A9AF391B1F0FB864009D47E7 /* Supporting Files */,
			);
			path = LZPickerDemo;
			sourceTree = "<group>";
		};
		A9AF391B1F0FB864009D47E7 /* Supporting Files */ = {
			isa = PBXGroup;
			children = (
				A9AF391C1F0FB864009D47E7 /* main.m */,
			);
			name = "Supporting Files";
			sourceTree = "<group>";
		};
		A9AF393F1F0FB888009D47E7 /* LZPickView */ = {
			isa = PBXGroup;
			children = (
				A9AF39321F0FB888009D47E7 /* LZPickViewDefine.h */,
				A9AF39331F0FB888009D47E7 /* LZPickViewManager.h */,
				A9AF39341F0FB888009D47E7 /* LZPickViewManager.m */,
				A9AF39351F0FB888009D47E7 /* LZPickTopView.h */,
				A9AF39361F0FB888009D47E7 /* LZPickTopView.m */,
				A9AF39371F0FB888009D47E7 /* LZAddressPickerView.h */,
				A9AF39381F0FB888009D47E7 /* LZAddressPickerView.m */,
				A9AF39391F0FB888009D47E7 /* LZTimePickerView.h */,
				A9AF393A1F0FB888009D47E7 /* LZTimePickerView.m */,
				A9AF393B1F0FB888009D47E7 /* LZMultiplePickerView.h */,
				A9AF393C1F0FB888009D47E7 /* LZMultiplePickerView.m */,
				A9AF393D1F0FB888009D47E7 /* LZCustomLimitDatePicker.h */,
				A9AF393E1F0FB888009D47E7 /* LZCustomLimitDatePicker.m */,
			);
			name = LZPickView;
			path = "../../../iOS/GoldeneyeFrame/GoldeneyeFrame/选择器/LZPickView";
			sourceTree = "<group>";
		};
		A9AF39451F0FB888009D47E7 /* Resources */ = {
			isa = PBXGroup;
			children = (
				A9AF39401F0FB888009D47E7 /* PickerView.gif */,
				A9AF39411F0FB888009D47E7 /* UIDatePicker.gif */,
				A9AF39421F0FB888009D47E7 /* goldeneyeAddress.plist */,
				A9AF39431F0FB888009D47E7 /* iPhone.plist */,
				A9AF39441F0FB888009D47E7 /* Cars.plist */,
			);
			name = Resources;
			path = "../../../iOS/GoldeneyeFrame/GoldeneyeFrame/选择器/Resources";
			sourceTree = "<group>";
		};
		A9AF39511F0FB8A9009D47E7 /* UseClass */ = {
			isa = PBXGroup;
			children = (
				A9AF39521F0FB8B3009D47E7 /* PickViewVC.h */,
				A9AF39531F0FB8B3009D47E7 /* PickViewVC.m */,
				A9AF39541F0FB8B3009D47E7 /* ChoseDatePickViewController.h */,
				A9AF39551F0FB8B3009D47E7 /* ChoseDatePickViewController.m */,
				A9AF39561F0FB8B3009D47E7 /* PickTestViewController.h */,
				A9AF39571F0FB8B3009D47E7 /* PickTestViewController.m */,
			);
			path = UseClass;
			sourceTree = "<group>";
		};
/* End PBXGroup section */

/* Begin PBXNativeTarget section */
		A9AF39171F0FB864009D47E7 /* LZPickerDemo */ = {
			isa = PBXNativeTarget;
			buildConfigurationList = A9AF392F1F0FB864009D47E7 /* Build configuration list for PBXNativeTarget "LZPickerDemo" */;
			buildPhases = (
				A9AF39141F0FB864009D47E7 /* Sources */,
				A9AF39151F0FB864009D47E7 /* Frameworks */,
				A9AF39161F0FB864009D47E7 /* Resources */,
			);
			buildRules = (
			);
			dependencies = (
			);
			name = LZPickerDemo;
			productName = LZPickerDemo;
			productReference = A9AF39181F0FB864009D47E7 /* LZPickerDemo.app */;
			productType = "com.apple.product-type.application";
		};
/* End PBXNativeTarget section */

/* Begin PBXProject section */
		A9AF39101F0FB864009D47E7 /* Project object */ = {
			isa = PBXProject;
			attributes = {
				LastUpgradeCheck = 0830;
				ORGANIZATIONNAME = ZZ;
				TargetAttributes = {
					A9AF39171F0FB864009D47E7 = {
						CreatedOnToolsVersion = 8.3.3;
						ProvisioningStyle = Automatic;
					};
				};
			};
			buildConfigurationList = A9AF39131F0FB864009D47E7 /* Build configuration list for PBXProject "LZPickerDemo" */;
			compatibilityVersion = "Xcode 3.2";
			developmentRegion = English;
			hasScannedForEncodings = 0;
			knownRegions = (
				en,
				Base,
			);
			mainGroup = A9AF390F1F0FB864009D47E7;
			productRefGroup = A9AF39191F0FB864009D47E7 /* Products */;
			projectDirPath = "";
			projectRoot = "";
			targets = (
				A9AF39171F0FB864009D47E7 /* LZPickerDemo */,
			);
		};
/* End PBXProject section */

/* Begin PBXResourcesBuildPhase section */
		A9AF39161F0FB864009D47E7 /* Resources */ = {
			isa = PBXResourcesBuildPhase;
			buildActionMask = 2147483647;
			files = (
				A9AF392B1F0FB864009D47E7 /* LaunchScreen.storyboard in Resources */,
				A9AF39281F0FB864009D47E7 /* Assets.xcassets in Resources */,
				A9AF394F1F0FB888009D47E7 /* iPhone.plist in Resources */,
				A9AF394E1F0FB888009D47E7 /* goldeneyeAddress.plist in Resources */,
				A9AF394D1F0FB888009D47E7 /* UIDatePicker.gif in Resources */,
				A9AF39501F0FB888009D47E7 /* Cars.plist in Resources */,
				A9AF39261F0FB864009D47E7 /* Main.storyboard in Resources */,
				A9AF394C1F0FB888009D47E7 /* PickerView.gif in Resources */,
			);
			runOnlyForDeploymentPostprocessing = 0;
		};
/* End PBXResourcesBuildPhase section */

/* Begin PBXSourcesBuildPhase section */
		A9AF39141F0FB864009D47E7 /* Sources */ = {
			isa = PBXSourcesBuildPhase;
			buildActionMask = 2147483647;
			files = (
				A9AF39231F0FB864009D47E7 /* ViewController.m in Sources */,
				A9AF39481F0FB888009D47E7 /* LZAddressPickerView.m in Sources */,
				A9AF39471F0FB888009D47E7 /* LZPickTopView.m in Sources */,
				A9AF39461F0FB888009D47E7 /* LZPickViewManager.m in Sources */,
				A9AF394B1F0FB888009D47E7 /* LZCustomLimitDatePicker.m in Sources */,
				A9AF394A1F0FB888009D47E7 /* LZMultiplePickerView.m in Sources */,
				A9AF39581F0FB8B3009D47E7 /* PickViewVC.m in Sources */,
				A9AF39491F0FB888009D47E7 /* LZTimePickerView.m in Sources */,
				A9AF39201F0FB864009D47E7 /* AppDelegate.m in Sources */,
				A9AF395A1F0FB8B3009D47E7 /* PickTestViewController.m in Sources */,
				A9AF391D1F0FB864009D47E7 /* main.m in Sources */,
				A9AF39591F0FB8B3009D47E7 /* ChoseDatePickViewController.m in Sources */,
			);
			runOnlyForDeploymentPostprocessing = 0;
		};
/* End PBXSourcesBuildPhase section */

/* Begin PBXVariantGroup section */
		A9AF39241F0FB864009D47E7 /* Main.storyboard */ = {
			isa = PBXVariantGroup;
			children = (
				A9AF39251F0FB864009D47E7 /* Base */,
			);
			name = Main.storyboard;
			sourceTree = "<group>";
		};
		A9AF39291F0FB864009D47E7 /* LaunchScreen.storyboard */ = {
			isa = PBXVariantGroup;
			children = (
				A9AF392A1F0FB864009D47E7 /* Base */,
			);
			name = LaunchScreen.storyboard;
			sourceTree = "<group>";
		};
/* End PBXVariantGroup section */

/* Begin XCBuildConfiguration section */
		A9AF392D1F0FB864009D47E7 /* Debug */ = {
			isa = XCBuildConfiguration;
			buildSettings = {
				ALWAYS_SEARCH_USER_PATHS = NO;
				CLANG_ANALYZER_NONNULL = YES;
				CLANG_ANALYZER_NUMBER_OBJECT_CONVERSION = YES_AGGRESSIVE;
				CLANG_CXX_LANGUAGE_STANDARD = "gnu++0x";
				CLANG_CXX_LIBRARY = "libc++";
				CLANG_ENABLE_MODULES = YES;
				CLANG_ENABLE_OBJC_ARC = YES;
				CLANG_WARN_BOOL_CONVERSION = YES;
				CLANG_WARN_CONSTANT_CONVERSION = YES;
				CLANG_WARN_DIRECT_OBJC_ISA_USAGE = YES_ERROR;
				CLANG_WARN_DOCUMENTATION_COMMENTS = YES;
				CLANG_WARN_EMPTY_BODY = YES;
				CLANG_WARN_ENUM_CONVERSION = YES;
				CLANG_WARN_INFINITE_RECURSION = YES;
				CLANG_WARN_INT_CONVERSION = YES;
				CLANG_WARN_OBJC_ROOT_CLASS = YES_ERROR;
				CLANG_WARN_SUSPICIOUS_MOVE = YES;
				CLANG_WARN_UNREACHABLE_CODE = YES;
				CLANG_WARN__DUPLICATE_METHOD_MATCH = YES;
				"CODE_SIGN_IDENTITY[sdk=iphoneos*]" = "iPhone Developer";
				COPY_PHASE_STRIP = NO;
				DEBUG_INFORMATION_FORMAT = dwarf;
				ENABLE_STRICT_OBJC_MSGSEND = YES;
				ENABLE_TESTABILITY = YES;
				GCC_C_LANGUAGE_STANDARD = gnu99;
				GCC_DYNAMIC_NO_PIC = NO;
				GCC_NO_COMMON_BLOCKS = YES;
				GCC_OPTIMIZATION_LEVEL = 0;
				GCC_PREPROCESSOR_DEFINITIONS = (
					"DEBUG=1",
					"$(inherited)",
				);
				GCC_WARN_64_TO_32_BIT_CONVERSION = YES;
				GCC_WARN_ABOUT_RETURN_TYPE = YES_ERROR;
				GCC_WARN_UNDECLARED_SELECTOR = YES;
				GCC_WARN_UNINITIALIZED_AUTOS = YES_AGGRESSIVE;
				GCC_WARN_UNUSED_FUNCTION = YES;
				GCC_WARN_UNUSED_VARIABLE = YES;
				IPHONEOS_DEPLOYMENT_TARGET = 10.3;
				MTL_ENABLE_DEBUG_INFO = YES;
				ONLY_ACTIVE_ARCH = YES;
				SDKROOT = iphoneos;
			};
			name = Debug;
		};
		A9AF392E1F0FB864009D47E7 /* Release */ = {
			isa = XCBuildConfiguration;
			buildSettings = {
				ALWAYS_SEARCH_USER_PATHS = NO;
				CLANG_ANALYZER_NONNULL = YES;
				CLANG_ANALYZER_NUMBER_OBJECT_CONVERSION = YES_AGGRESSIVE;
				CLANG_CXX_LANGUAGE_STANDARD = "gnu++0x";
				CLANG_CXX_LIBRARY = "libc++";
				CLANG_ENABLE_MODULES = YES;
				CLANG_ENABLE_OBJC_ARC = YES;
				CLANG_WARN_BOOL_CONVERSION = YES;
				CLANG_WARN_CONSTANT_CONVERSION = YES;
				CLANG_WARN_DIRECT_OBJC_ISA_USAGE = YES_ERROR;
				CLANG_WARN_DOCUMENTATION_COMMENTS = YES;
				CLANG_WARN_EMPTY_BODY = YES;
				CLANG_WARN_ENUM_CONVERSION = YES;
				CLANG_WARN_INFINITE_RECURSION = YES;
				CLANG_WARN_INT_CONVERSION = YES;
				CLANG_WARN_OBJC_ROOT_CLASS = YES_ERROR;
				CLANG_WARN_SUSPICIOUS_MOVE = YES;
				CLANG_WARN_UNREACHABLE_CODE = YES;
				CLANG_WARN__DUPLICATE_METHOD_MATCH = YES;
				"CODE_SIGN_IDENTITY[sdk=iphoneos*]" = "iPhone Developer";
				COPY_PHASE_STRIP = NO;
				DEBUG_INFORMATION_FORMAT = "dwarf-with-dsym";
				ENABLE_NS_ASSERTIONS = NO;
				ENABLE_STRICT_OBJC_MSGSEND = YES;
				GCC_C_LANGUAGE_STANDARD = gnu99;
				GCC_NO_COMMON_BLOCKS = YES;
				GCC_WARN_64_TO_32_BIT_CONVERSION = YES;
				GCC_WARN_ABOUT_RETURN_TYPE = YES_ERROR;
				GCC_WARN_UNDECLARED_SELECTOR = YES;
				GCC_WARN_UNINITIALIZED_AUTOS = YES_AGGRESSIVE;
				GCC_WARN_UNUSED_FUNCTION = YES;
				GCC_WARN_UNUSED_VARIABLE = YES;
				IPHONEOS_DEPLOYMENT_TARGET = 10.3;
				MTL_ENABLE_DEBUG_INFO = NO;
				SDKROOT = iphoneos;
				VALIDATE_PRODUCT = YES;
			};
			name = Release;
		};
		A9AF39301F0FB864009D47E7 /* Debug */ = {
			isa = XCBuildConfiguration;
			buildSettings = {
				ASSETCATALOG_COMPILER_APPICON_NAME = AppIcon;
				INFOPLIST_FILE = LZPickerDemo/Info.plist;
				LD_RUNPATH_SEARCH_PATHS = "$(inherited) @executable_path/Frameworks";
				PRODUCT_BUNDLE_IDENTIFIER = zhupp.LZPickerDemo;
				PRODUCT_NAME = "$(TARGET_NAME)";
			};
			name = Debug;
		};
		A9AF39311F0FB864009D47E7 /* Release */ = {
			isa = XCBuildConfiguration;
			buildSettings = {
				ASSETCATALOG_COMPILER_APPICON_NAME = AppIcon;
				INFOPLIST_FILE = LZPickerDemo/Info.plist;
				LD_RUNPATH_SEARCH_PATHS = "$(inherited) @executable_path/Frameworks";
				PRODUCT_BUNDLE_IDENTIFIER = zhupp.LZPickerDemo;
				PRODUCT_NAME = "$(TARGET_NAME)";
			};
			name = Release;
		};
/* End XCBuildConfiguration section */

/* Begin XCConfigurationList section */
		A9AF39131F0FB864009D47E7 /* Build configuration list for PBXProject "LZPickerDemo" */ = {
			isa = XCConfigurationList;
			buildConfigurations = (
				A9AF392D1F0FB864009D47E7 /* Debug */,
				A9AF392E1F0FB864009D47E7 /* Release */,
			);
			defaultConfigurationIsVisible = 0;
			defaultConfigurationName = Release;
		};
		A9AF392F1F0FB864009D47E7 /* Build configuration list for PBXNativeTarget "LZPickerDemo" */ = {
			isa = XCConfigurationList;
			buildConfigurations = (
				A9AF39301F0FB864009D47E7 /* Debug */,
				A9AF39311F0FB864009D47E7 /* Release */,
			);
			defaultConfigurationIsVisible = 0;
		};
/* End XCConfigurationList section */
	};
	rootObject = A9AF39101F0FB864009D47E7 /* Project object */;
}
